github.com/gophercises/deck v0.0.0-20190103174914-299593da7344 h1:cZSThHVxXrxeEGJdob2T+7oftA7uq/egujz7LseX0b0=
github.com/gophercises/deck v0.0.0-20190103174914-299593da7344/go.mod h1:v+nA7MJWG2rh0c57mp5MXFNSMQN9jU3vVIKCVl99m2M=
github.com/santosh/gophercises v0.0.0-20201029132112-789b5345e7f4 h1:wzE6qJ1KZtUo49RRH9cDduAgCS20BC8A2dtBk1fdG1g=
github.com/santosh/gophercises v0.0.0-20201029132112-789b5345e7f4/go.mod h1:Fq+cMwAEVp3NptY/qqyZp+UEU41E/kxKRredGma4/Js=
